
Microsoft Visual Studio Solution File, Format Version 12.00
# Visual Studio 15
VisualStudioVersion = 15.0.26730.16
MinimumVisualStudioVersion = 10.0.40219.1
Project("{FAE04EC0-301F-11D3-BF4B-00C04F79EFBC}") = "BankLedgerVS17", "BankLedgerVS17\BankLedgerVS17.csproj", "{EB11A5F6-D342-4A28-BB19-E9DE01F790FE}"
EndProject
Global
	GlobalSection(SolutionConfigurationPlatforms) = preSolution
		Debug|Any CPU = Debug|Any CPU
		Release|Any CPU = Release|Any CPU
	EndGlobalSection
	GlobalSection(ProjectConfigurationPlatforms) = postSolution
		{EB11A5F6-D342-4A28-BB19-E9DE01F790FE}.Debug|Any CPU.ActiveCfg = Debug|Any CPU
		{EB11A5F6-D342-4A28-BB19-E9DE01F790FE}.Debug|Any CPU.Build.0 = Debug|Any CPU
		{EB11A5F6-D342-4A28-BB19-E9DE01F790FE}.Release|Any CPU.ActiveCfg = Release|Any CPU
		{EB11A5F6-D342-4A28-BB19-E9DE01F790FE}.Release|Any CPU.Build.0 = Release|Any CPU
	EndGlobalSection
	GlobalSection(SolutionProperties) = preSolution
		HideSolutionNode = FALSE
	EndGlobalSection
	GlobalSection(ExtensibilityGlobals) = postSolution
		SolutionGuid = {71D4797D-08BF-4B20-BF08-D3E27DFDF554}
	EndGlobalSection
EndGlobal
